
Microsoft Visual Studio Solution File, Format Version 12.00
# Visual Studio Version 16
VisualStudioVersion = 25.0.1703.8
MinimumVisualStudioVersion = 10.0.40219.1
Project("{FAE04EC0-301F-11D3-BF4B-00C04F79EFBC}") = "grapghql01", "grapghql01.csproj", "{431BBC69-3A67-4957-BF09-003B6595990B}"
EndProject
Global
	GlobalSection(SolutionConfigurationPlatforms) = preSolution
		Debug|Any CPU = Debug|Any CPU
		Release|Any CPU = Release|Any CPU
	EndGlobalSection
	GlobalSection(ProjectConfigurationPlatforms) = postSolution
		{431BBC69-3A67-4957-BF09-003B6595990B}.Debug|Any CPU.ActiveCfg = Debug|Any CPU
		{431BBC69-3A67-4957-BF09-003B6595990B}.Debug|Any CPU.Build.0 = Debug|Any CPU
		{431BBC69-3A67-4957-BF09-003B6595990B}.Release|Any CPU.ActiveCfg = Release|Any CPU
		{431BBC69-3A67-4957-BF09-003B6595990B}.Release|Any CPU.Build.0 = Release|Any CPU
	EndGlobalSection
	GlobalSection(SolutionProperties) = preSolution
		HideSolutionNode = FALSE
	EndGlobalSection
	GlobalSection(ExtensibilityGlobals) = postSolution
		SolutionGuid = {EC6719BA-43CA-4F0D-BB3C-88C6BB9EF33E}
	EndGlobalSection
EndGlobal
